
Microsoft Visual Studio Solution File, Format Version 12.00
# Visual Studio Version 17
VisualStudioVersion = 17.12.35527.113 d17.12
MinimumVisualStudioVersion = 10.0.40219.1
Project("{FAE04EC0-301F-11D3-BF4B-00C04F79EFBC}") = "WebMongoDB", "WebMongoDB\WebMongoDB.csproj", "{D8B8A2B0-4C1C-4F86-9259-51A18FB9F893}"
EndProject
Global
	GlobalSection(SolutionConfigurationPlatforms) = preSolution
		Debug|Any CPU = Debug|Any CPU
		Release|Any CPU = Release|Any CPU
	EndGlobalSection
	GlobalSection(ProjectConfigurationPlatforms) = postSolution
		{D8B8A2B0-4C1C-4F86-9259-51A18FB9F893}.Debug|Any CPU.ActiveCfg = Debug|Any CPU
		{D8B8A2B0-4C1C-4F86-9259-51A18FB9F893}.Debug|Any CPU.Build.0 = Debug|Any CPU
		{D8B8A2B0-4C1C-4F86-9259-51A18FB9F893}.Release|Any CPU.ActiveCfg = Release|Any CPU
		{D8B8A2B0-4C1C-4F86-9259-51A18FB9F893}.Release|Any CPU.Build.0 = Release|Any CPU
	EndGlobalSection
	GlobalSection(SolutionProperties) = preSolution
		HideSolutionNode = FALSE
	EndGlobalSection
EndGlobal
